{
  "name": "nyportfolio",
  "version": "1.0.0",
  "lockfileVersion": 1,
  "requires": true,
  "dependencies": {
    "cell": {
      "version": "github:jkroso/cell#6db4991ebff09e344d7c1211c4abdcc62aff479e"
    },
    "flowtype": {
      "version": "2.0.0",
      "resolved": "https://registry.npmjs.org/flowtype/-/flowtype-2.0.0.tgz",
      "integrity": "sha1-hja8smdln/LtV1zYv7NjcrkDEaI=",
      "requires": {
        "merge": "github:yields/merge#2f357cb501cd06f1a86394b7817e5df73c53f644",
        "viewport": "2.0.1"
      }
    },
    "merge": {
      "version": "github:yields/merge#2f357cb501cd06f1a86394b7817e5df73c53f644"
    },
    "viewport": {
      "version": "2.0.1",
      "resolved": "https://registry.npmjs.org/viewport/-/viewport-2.0.1.tgz",
      "integrity": "sha1-j145/PW1j4OTZjFM1pFK+UAJEqQ=",
      "requires": {
        "cell": "github:jkroso/cell#6db4991ebff09e344d7c1211c4abdcc62aff479e"
      }
    }
  }
}
